// !$*UTF8*$!
{
	archiveVersion = 1;
	classes = {
	};
	objectVersion = 46;
	objects = {

/* Begin PBXBuildFile section */
		8029DD65193597E9000997A9 /* Foundation.framework in Frameworks */ = {isa = PBXBuildFile; fileRef = 8029DD64193597E9000997A9 /* Foundation.framework */; };
		8029DD67193597E9000997A9 /* CoreGraphics.framework in Frameworks */ = {isa = PBXBuildFile; fileRef = 8029DD66193597E9000997A9 /* CoreGraphics.framework */; };
		8029DD69193597E9000997A9 /* UIKit.framework in Frameworks */ = {isa = PBXBuildFile; fileRef = 8029DD68193597E9000997A9 /* UIKit.framework */; };
		8029DD6B193597E9000997A9 /* SpriteKit.framework in Frameworks */ = {isa = PBXBuildFile; fileRef = 8029DD6A193597E9000997A9 /* SpriteKit.framework */; };
		8029DD71193597E9000997A9 /* InfoPlist.strings in Resources */ = {isa = PBXBuildFile; fileRef = 8029DD6F193597E9000997A9 /* InfoPlist.strings */; };
		8029DD73193597E9000997A9 /* main.m in Sources */ = {isa = PBXBuildFile; fileRef = 8029DD72193597E9000997A9 /* main.m */; };
		8029DD77193597E9000997A9 /* AppDelegate.m in Sources */ = {isa = PBXBuildFile; fileRef = 8029DD76193597E9000997A9 /* AppDelegate.m */; };
		8029DD7A193597E9000997A9 /* Main.storyboard in Resources */ = {isa = PBXBuildFile; fileRef = 8029DD78193597E9000997A9 /* Main.storyboard */; };
		8029DD7D193597E9000997A9 /* ViewController.m in Sources */ = {isa = PBXBuildFile; fileRef = 8029DD7C193597E9000997A9 /* ViewController.m */; };
		8029DD80193597E9000997A9 /* MyScene.m in Sources */ = {isa = PBXBuildFile; fileRef = 8029DD7F193597E9000997A9 /* MyScene.m */; };
		8029DD84193597E9000997A9 /* Images.xcassets in Resources */ = {isa = PBXBuildFile; fileRef = 8029DD83193597E9000997A9 /* Images.xcassets */; };
		8029DD8B193597EA000997A9 /* XCTest.framework in Frameworks */ = {isa = PBXBuildFile; fileRef = 8029DD8A193597EA000997A9 /* XCTest.framework */; };
		8029DD8C193597EA000997A9 /* Foundation.framework in Frameworks */ = {isa = PBXBuildFile; fileRef = 8029DD64193597E9000997A9 /* Foundation.framework */; };
		8029DD8D193597EA000997A9 /* UIKit.framework in Frameworks */ = {isa = PBXBuildFile; fileRef = 8029DD68193597E9000997A9 /* UIKit.framework */; };
		8029DD95193597EA000997A9 /* InfoPlist.strings in Resources */ = {isa = PBXBuildFile; fileRef = 8029DD93193597EA000997A9 /* InfoPlist.strings */; };
		8029DD97193597EA000997A9 /* POiNGTests.m in Sources */ = {isa = PBXBuildFile; fileRef = 8029DD96193597EA000997A9 /* POiNGTests.m */; };
		8029DDA219359817000997A9 /* p1.png in Resources */ = {isa = PBXBuildFile; fileRef = 8029DDA019359817000997A9 /* p1.png */; };
		8029DDA319359817000997A9 /* p2.png in Resources */ = {isa = PBXBuildFile; fileRef = 8029DDA119359817000997A9 /* p2.png */; };
		8029DDA519359F4D000997A9 /* ball.png in Resources */ = {isa = PBXBuildFile; fileRef = 8029DDA419359F4D000997A9 /* ball.png */; };
		802E23D11936B627001DF3F2 /* MainMenu.m in Sources */ = {isa = PBXBuildFile; fileRef = 802E23D01936B627001DF3F2 /* MainMenu.m */; };
		802E23D41936B63D001DF3F2 /* GameOver.m in Sources */ = {isa = PBXBuildFile; fileRef = 802E23D31936B63D001DF3F2 /* GameOver.m */; };
		802E23D61936B789001DF3F2 /* orb.atlas in Resources */ = {isa = PBXBuildFile; fileRef = 802E23D51936B789001DF3F2 /* orb.atlas */; };
		80303A5F19391C86003A7503 /* gameover.caf in Resources */ = {isa = PBXBuildFile; fileRef = 80303A5E19391C86003A7503 /* gameover.caf */; };
		8045202E1936D8B5000C0336 /* paddlehit.caf in Resources */ = {isa = PBXBuildFile; fileRef = 8045202D1936D8B5000C0336 /* paddlehit.caf */; };
/* End PBXBuildFile section */

/* Begin PBXContainerItemProxy section */
		8029DD8E193597EA000997A9 /* PBXContainerItemProxy */ = {
			isa = PBXContainerItemProxy;
			containerPortal = 8029DD59193597E9000997A9 /* Project object */;
			proxyType = 1;
			remoteGlobalIDString = 8029DD60193597E9000997A9;
			remoteInfo = POiNG;
		};
/* End PBXContainerItemProxy section */

/* Begin PBXFileReference section */
		8029DD61193597E9000997A9 /* POiNG.app */ = {isa = PBXFileReference; explicitFileType = wrapper.application; includeInIndex = 0; path = POiNG.app; sourceTree = BUILT_PRODUCTS_DIR; };
		8029DD64193597E9000997A9 /* Foundation.framework */ = {isa = PBXFileReference; lastKnownFileType = wrapper.framework; name = Foundation.framework; path = System/Library/Frameworks/Foundation.framework; sourceTree = SDKROOT; };
		8029DD66193597E9000997A9 /* CoreGraphics.framework */ = {isa = PBXFileReference; lastKnownFileType = wrapper.framework; name = CoreGraphics.framework; path = System/Library/Frameworks/CoreGraphics.framework; sourceTree = SDKROOT; };
		8029DD68193597E9000997A9 /* UIKit.framework */ = {isa = PBXFileReference; lastKnownFileType = wrapper.framework; name = UIKit.framework; path = System/Library/Frameworks/UIKit.framework; sourceTree = SDKROOT; };
		8029DD6A193597E9000997A9 /* SpriteKit.framework */ = {isa = PBXFileReference; lastKnownFileType = wrapper.framework; name = SpriteKit.framework; path = System/Library/Frameworks/SpriteKit.framework; sourceTree = SDKROOT; };
		8029DD6E193597E9000997A9 /* POiNG-Info.plist */ = {isa = PBXFileReference; lastKnownFileType = text.plist.xml; path = "POiNG-Info.plist"; sourceTree = "<group>"; };
		8029DD70193597E9000997A9 /* en */ = {isa = PBXFileReference; lastKnownFileType = text.plist.strings; name = en; path = en.lproj/InfoPlist.strings; sourceTree = "<group>"; };
		8029DD72193597E9000997A9 /* main.m */ = {isa = PBXFileReference; lastKnownFileType = sourcecode.c.objc; path = main.m; sourceTree = "<group>"; };
		8029DD74193597E9000997A9 /* POiNG-Prefix.pch */ = {isa = PBXFileReference; lastKnownFileType = sourcecode.c.h; path = "POiNG-Prefix.pch"; sourceTree = "<group>"; };
		8029DD75193597E9000997A9 /* AppDelegate.h */ = {isa = PBXFileReference; lastKnownFileType = sourcecode.c.h; path = AppDelegate.h; sourceTree = "<group>"; };
		8029DD76193597E9000997A9 /* AppDelegate.m */ = {isa = PBXFileReference; lastKnownFileType = sourcecode.c.objc; path = AppDelegate.m; sourceTree = "<group>"; };
		8029DD79193597E9000997A9 /* Base */ = {isa = PBXFileReference; lastKnownFileType = file.storyboard; name = Base; path = Base.lproj/Main.storyboard; sourceTree = "<group>"; };
		8029DD7B193597E9000997A9 /* ViewController.h */ = {isa = PBXFileReference; lastKnownFileType = sourcecode.c.h; path = ViewController.h; sourceTree = "<group>"; };
		8029DD7C193597E9000997A9 /* ViewController.m */ = {isa = PBXFileReference; lastKnownFileType = sourcecode.c.objc; path = ViewController.m; sourceTree = "<group>"; };
		8029DD7E193597E9000997A9 /* MyScene.h */ = {isa = PBXFileReference; lastKnownFileType = sourcecode.c.h; path = MyScene.h; sourceTree = "<group>"; };
		8029DD7F193597E9000997A9 /* MyScene.m */ = {isa = PBXFileReference; lastKnownFileType = sourcecode.c.objc; path = MyScene.m; sourceTree = "<group>"; };
		8029DD83193597E9000997A9 /* Images.xcassets */ = {isa = PBXFileReference; lastKnownFileType = folder.assetcatalog; path = Images.xcassets; sourceTree = "<group>"; };
		8029DD89193597EA000997A9 /* POiNGTests.xctest */ = {isa = PBXFileReference; explicitFileType = wrapper.cfbundle; includeInIndex = 0; path = POiNGTests.xctest; sourceTree = BUILT_PRODUCTS_DIR; };
		8029DD8A193597EA000997A9 /* XCTest.framework */ = {isa = PBXFileReference; lastKnownFileType = wrapper.framework; name = XCTest.framework; path = Library/Frameworks/XCTest.framework; sourceTree = DEVELOPER_DIR; };
		8029DD92193597EA000997A9 /* POiNGTests-Info.plist */ = {isa = PBXFileReference; lastKnownFileType = text.plist.xml; path = "POiNGTests-Info.plist"; sourceTree = "<group>"; };
		8029DD94193597EA000997A9 /* en */ = {isa = PBXFileReference; lastKnownFileType = text.plist.strings; name = en; path = en.lproj/InfoPlist.strings; sourceTree = "<group>"; };
		8029DD96193597EA000997A9 /* POiNGTests.m */ = {isa = PBXFileReference; lastKnownFileType = sourcecode.c.objc; path = POiNGTests.m; sourceTree = "<group>"; };
		8029DDA019359817000997A9 /* p1.png */ = {isa = PBXFileReference; lastKnownFileType = image.png; path = p1.png; sourceTree = "<group>"; };
		8029DDA119359817000997A9 /* p2.png */ = {isa = PBXFileReference; lastKnownFileType = image.png; path = p2.png; sourceTree = "<group>"; };
		8029DDA419359F4D000997A9 /* ball.png */ = {isa = PBXFileReference; lastKnownFileType = image.png; path = ball.png; sourceTree = "<group>"; };
		802E23CF1936B627001DF3F2 /* MainMenu.h */ = {isa = PBXFileReference; fileEncoding = 4; lastKnownFileType = sourcecode.c.h; path = MainMenu.h; sourceTree = "<group>"; };
		802E23D01936B627001DF3F2 /* MainMenu.m */ = {isa = PBXFileReference; fileEncoding = 4; lastKnownFileType = sourcecode.c.objc; path = MainMenu.m; sourceTree = "<group>"; };
		802E23D21936B63D001DF3F2 /* GameOver.h */ = {isa = PBXFileReference; fileEncoding = 4; lastKnownFileType = sourcecode.c.h; path = GameOver.h; sourceTree = "<group>"; };
		802E23D31936B63D001DF3F2 /* GameOver.m */ = {isa = PBXFileReference; fileEncoding = 4; lastKnownFileType = sourcecode.c.objc; path = GameOver.m; sourceTree = "<group>"; };
		802E23D51936B789001DF3F2 /* orb.atlas */ = {isa = PBXFileReference; lastKnownFileType = folder.skatlas; path = orb.atlas; sourceTree = "<group>"; };
		80303A5E19391C86003A7503 /* gameover.caf */ = {isa = PBXFileReference; lastKnownFileType = file; path = gameover.caf; sourceTree = "<group>"; };
		8045202D1936D8B5000C0336 /* paddlehit.caf */ = {isa = PBXFileReference; lastKnownFileType = file; path = paddlehit.caf; sourceTree = "<group>"; };
/* End PBXFileReference section */

/* Begin PBXFrameworksBuildPhase section */
		8029DD5E193597E9000997A9 /* Frameworks */ = {
			isa = PBXFrameworksBuildPhase;
			buildActionMask = 2147483647;
			files = (
				8029DD67193597E9000997A9 /* CoreGraphics.framework in Frameworks */,
				8029DD69193597E9000997A9 /* UIKit.framework in Frameworks */,
				8029DD6B193597E9000997A9 /* SpriteKit.framework in Frameworks */,
				8029DD65193597E9000997A9 /* Foundation.framework in Frameworks */,
			);
			runOnlyForDeploymentPostprocessing = 0;
		};
		8029DD86193597EA000997A9 /* Frameworks */ = {
			isa = PBXFrameworksBuildPhase;
			buildActionMask = 2147483647;
			files = (
				8029DD8B193597EA000997A9 /* XCTest.framework in Frameworks */,
				8029DD8D193597EA000997A9 /* UIKit.framework in Frameworks */,
				8029DD8C193597EA000997A9 /* Foundation.framework in Frameworks */,
			);
			runOnlyForDeploymentPostprocessing = 0;
		};
/* End PBXFrameworksBuildPhase section */

/* Begin PBXGroup section */
		8029DD58193597E9000997A9 = {
			isa = PBXGroup;
			children = (
				8029DDA019359817000997A9 /* p1.png */,
				8029DDA419359F4D000997A9 /* ball.png */,
				80303A5E19391C86003A7503 /* gameover.caf */,
				8045202D1936D8B5000C0336 /* paddlehit.caf */,
				802E23D51936B789001DF3F2 /* orb.atlas */,
				8029DDA119359817000997A9 /* p2.png */,
				8029DD6C193597E9000997A9 /* POiNG */,
				8029DD90193597EA000997A9 /* POiNGTests */,
				8029DD63193597E9000997A9 /* Frameworks */,
				8029DD62193597E9000997A9 /* Products */,
			);
			sourceTree = "<group>";
		};
		8029DD62193597E9000997A9 /* Products */ = {
			isa = PBXGroup;
			children = (
				8029DD61193597E9000997A9 /* POiNG.app */,
				8029DD89193597EA000997A9 /* POiNGTests.xctest */,
			);
			name = Products;
			sourceTree = "<group>";
		};
		8029DD63193597E9000997A9 /* Frameworks */ = {
			isa = PBXGroup;
			children = (
				8029DD64193597E9000997A9 /* Foundation.framework */,
				8029DD66193597E9000997A9 /* CoreGraphics.framework */,
				8029DD68193597E9000997A9 /* UIKit.framework */,
				8029DD6A193597E9000997A9 /* SpriteKit.framework */,
				8029DD8A193597EA000997A9 /* XCTest.framework */,
			);
			name = Frameworks;
			sourceTree = "<group>";
		};
		8029DD6C193597E9000997A9 /* POiNG */ = {
			isa = PBXGroup;
			children = (
				8029DD75193597E9000997A9 /* AppDelegate.h */,
				8029DD76193597E9000997A9 /* AppDelegate.m */,
				8029DD78193597E9000997A9 /* Main.storyboard */,
				8029DD7B193597E9000997A9 /* ViewController.h */,
				8029DD7C193597E9000997A9 /* ViewController.m */,
				8029DD7E193597E9000997A9 /* MyScene.h */,
				8029DD7F193597E9000997A9 /* MyScene.m */,
				802E23CF1936B627001DF3F2 /* MainMenu.h */,
				802E23D01936B627001DF3F2 /* MainMenu.m */,
				802E23D21936B63D001DF3F2 /* GameOver.h */,
				802E23D31936B63D001DF3F2 /* GameOver.m */,
				8029DD83193597E9000997A9 /* Images.xcassets */,
				8029DD6D193597E9000997A9 /* Supporting Files */,
			);
			path = POiNG;
			sourceTree = "<group>";
		};
		8029DD6D193597E9000997A9 /* Supporting Files */ = {
			isa = PBXGroup;
			children = (
				8029DD6E193597E9000997A9 /* POiNG-Info.plist */,
				8029DD6F193597E9000997A9 /* InfoPlist.strings */,
				8029DD72193597E9000997A9 /* main.m */,
				8029DD74193597E9000997A9 /* POiNG-Prefix.pch */,
			);
			name = "Supporting Files";
			sourceTree = "<group>";
		};
		8029DD90193597EA000997A9 /* POiNGTests */ = {
			isa = PBXGroup;
			children = (
				8029DD96193597EA000997A9 /* POiNGTests.m */,
				8029DD91193597EA000997A9 /* Supporting Files */,
			);
			path = POiNGTests;
			sourceTree = "<group>";
		};
		8029DD91193597EA000997A9 /* Supporting Files */ = {
			isa = PBXGroup;
			children = (
				8029DD92193597EA000997A9 /* POiNGTests-Info.plist */,
				8029DD93193597EA000997A9 /* InfoPlist.strings */,
			);
			name = "Supporting Files";
			sourceTree = "<group>";
		};
/* End PBXGroup section */

/* Begin PBXNativeTarget section */
		8029DD60193597E9000997A9 /* POiNG */ = {
			isa = PBXNativeTarget;
			buildConfigurationList = 8029DD9A193597EA000997A9 /* Build configuration list for PBXNativeTarget "POiNG" */;
			buildPhases = (
				8029DD5D193597E9000997A9 /* Sources */,
				8029DD5E193597E9000997A9 /* Frameworks */,
				8029DD5F193597E9000997A9 /* Resources */,
			);
			buildRules = (
			);
			dependencies = (
			);
			name = POiNG;
			productName = POiNG;
			productReference = 8029DD61193597E9000997A9 /* POiNG.app */;
			productType = "com.apple.product-type.application";
		};
		8029DD88193597EA000997A9 /* POiNGTests */ = {
			isa = PBXNativeTarget;
			buildConfigurationList = 8029DD9D193597EA000997A9 /* Build configuration list for PBXNativeTarget "POiNGTests" */;
			buildPhases = (
				8029DD85193597EA000997A9 /* Sources */,
				8029DD86193597EA000997A9 /* Frameworks */,
				8029DD87193597EA000997A9 /* Resources */,
			);
			buildRules = (
			);
			dependencies = (
				8029DD8F193597EA000997A9 /* PBXTargetDependency */,
			);
			name = POiNGTests;
			productName = POiNGTests;
			productReference = 8029DD89193597EA000997A9 /* POiNGTests.xctest */;
			productType = "com.apple.product-type.bundle.unit-test";
		};
/* End PBXNativeTarget section */

/* Begin PBXProject section */
		8029DD59193597E9000997A9 /* Project object */ = {
			isa = PBXProject;
			attributes = {
				LastUpgradeCheck = 0510;
				ORGANIZATIONNAME = final;
				TargetAttributes = {
					8029DD88193597EA000997A9 = {
						TestTargetID = 8029DD60193597E9000997A9;
					};
				};
			};
			buildConfigurationList = 8029DD5C193597E9000997A9 /* Build configuration list for PBXProject "POiNG" */;
			compatibilityVersion = "Xcode 3.2";
			developmentRegion = English;
			hasScannedForEncodings = 0;
			knownRegions = (
				en,
				Base,
			);
			mainGroup = 8029DD58193597E9000997A9;
			productRefGroup = 8029DD62193597E9000997A9 /* Products */;
			projectDirPath = "";
			projectRoot = "";
			targets = (
				8029DD60193597E9000997A9 /* POiNG */,
				8029DD88193597EA000997A9 /* POiNGTests */,
			);
		};
/* End PBXProject section */

/* Begin PBXResourcesBuildPhase section */
		8029DD5F193597E9000997A9 /* Resources */ = {
			isa = PBXResourcesBuildPhase;
			buildActionMask = 2147483647;
			files = (
				80303A5F19391C86003A7503 /* gameover.caf in Resources */,
				8029DDA219359817000997A9 /* p1.png in Resources */,
				8029DD71193597E9000997A9 /* InfoPlist.strings in Resources */,
				8029DD84193597E9000997A9 /* Images.xcassets in Resources */,
				8029DDA319359817000997A9 /* p2.png in Resources */,
				8045202E1936D8B5000C0336 /* paddlehit.caf in Resources */,
				8029DD7A193597E9000997A9 /* Main.storyboard in Resources */,
				8029DDA519359F4D000997A9 /* ball.png in Resources */,
				802E23D61936B789001DF3F2 /* orb.atlas in Resources */,
			);
			runOnlyForDeploymentPostprocessing = 0;
		};
		8029DD87193597EA000997A9 /* Resources */ = {
			isa = PBXResourcesBuildPhase;
			buildActionMask = 2147483647;
			files = (
				8029DD95193597EA000997A9 /* InfoPlist.strings in Resources */,
			);
			runOnlyForDeploymentPostprocessing = 0;
		};
/* End PBXResourcesBuildPhase section */

/* Begin PBXSourcesBuildPhase section */
		8029DD5D193597E9000997A9 /* Sources */ = {
			isa = PBXSourcesBuildPhase;
			buildActionMask = 2147483647;
			files = (
				802E23D11936B627001DF3F2 /* MainMenu.m in Sources */,
				8029DD80193597E9000997A9 /* MyScene.m in Sources */,
				8029DD7D193597E9000997A9 /* ViewController.m in Sources */,
				802E23D41936B63D001DF3F2 /* GameOver.m in Sources */,
				8029DD77193597E9000997A9 /* AppDelegate.m in Sources */,
				8029DD73193597E9000997A9 /* main.m in Sources */,
			);
			runOnlyForDeploymentPostprocessing = 0;
		};
		8029DD85193597EA000997A9 /* Sources */ = {
			isa = PBXSourcesBuildPhase;
			buildActionMask = 2147483647;
			files = (
				8029DD97193597EA000997A9 /* POiNGTests.m in Sources */,
			);
			runOnlyForDeploymentPostprocessing = 0;
		};
/* End PBXSourcesBuildPhase section */

/* Begin PBXTargetDependency section */
		8029DD8F193597EA000997A9 /* PBXTargetDependency */ = {
			isa = PBXTargetDependency;
			target = 8029DD60193597E9000997A9 /* POiNG */;
			targetProxy = 8029DD8E193597EA000997A9 /* PBXContainerItemProxy */;
		};
/* End PBXTargetDependency section */

/* Begin PBXVariantGroup section */
		8029DD6F193597E9000997A9 /* InfoPlist.strings */ = {
			isa = PBXVariantGroup;
			children = (
				8029DD70193597E9000997A9 /* en */,
			);
			name = InfoPlist.strings;
			sourceTree = "<group>";
		};
		8029DD78193597E9000997A9 /* Main.storyboard */ = {
			isa = PBXVariantGroup;
			children = (
				8029DD79193597E9000997A9 /* Base */,
			);
			name = Main.storyboard;
			sourceTree = "<group>";
		};
		8029DD93193597EA000997A9 /* InfoPlist.strings */ = {
			isa = PBXVariantGroup;
			children = (
				8029DD94193597EA000997A9 /* en */,
			);
			name = InfoPlist.strings;
			sourceTree = "<group>";
		};
/* End PBXVariantGroup section */

/* Begin XCBuildConfiguration section */
		8029DD98193597EA000997A9 /* Debug */ = {
			isa = XCBuildConfiguration;
			buildSettings = {
				ALWAYS_SEARCH_USER_PATHS = NO;
				CLANG_CXX_LANGUAGE_STANDARD = "gnu++0x";
				CLANG_CXX_LIBRARY = "libc++";
				CLANG_ENABLE_MODULES = YES;
				CLANG_ENABLE_OBJC_ARC = YES;
				CLANG_WARN_BOOL_CONVERSION = YES;
				CLANG_WARN_CONSTANT_CONVERSION = YES;
				CLANG_WARN_DIRECT_OBJC_ISA_USAGE = YES_ERROR;
				CLANG_WARN_EMPTY_BODY = YES;
				CLANG_WARN_ENUM_CONVERSION = YES;
				CLANG_WARN_INT_CONVERSION = YES;
				CLANG_WARN_OBJC_ROOT_CLASS = YES_ERROR;
				CLANG_WARN__DUPLICATE_METHOD_MATCH = YES;
				"CODE_SIGN_IDENTITY[sdk=iphoneos*]" = "iPhone Developer";
				COPY_PHASE_STRIP = NO;
				GCC_C_LANGUAGE_STANDARD = gnu99;
				GCC_DYNAMIC_NO_PIC = NO;
				GCC_OPTIMIZATION_LEVEL = 0;
				GCC_PREPROCESSOR_DEFINITIONS = (
					"DEBUG=1",
					"$(inherited)",
				);
				GCC_SYMBOLS_PRIVATE_EXTERN = NO;
				GCC_WARN_64_TO_32_BIT_CONVERSION = YES;
				GCC_WARN_ABOUT_RETURN_TYPE = YES_ERROR;
				GCC_WARN_UNDECLARED_SELECTOR = YES;
				GCC_WARN_UNINITIALIZED_AUTOS = YES_AGGRESSIVE;
				GCC_WARN_UNUSED_FUNCTION = YES;
				GCC_WARN_UNUSED_VARIABLE = YES;
				IPHONEOS_DEPLOYMENT_TARGET = 7.1;
				ONLY_ACTIVE_ARCH = YES;
				SDKROOT = iphoneos;
			};
			name = Debug;
		};
		8029DD99193597EA000997A9 /* Release */ = {
			isa = XCBuildConfiguration;
			buildSettings = {
				ALWAYS_SEARCH_USER_PATHS = NO;
				CLANG_CXX_LANGUAGE_STANDARD = "gnu++0x";
				CLANG_CXX_LIBRARY = "libc++";
				CLANG_ENABLE_MODULES = YES;
				CLANG_ENABLE_OBJC_ARC = YES;
				CLANG_WARN_BOOL_CONVERSION = YES;
				CLANG_WARN_CONSTANT_CONVERSION = YES;
				CLANG_WARN_DIRECT_OBJC_ISA_USAGE = YES_ERROR;
				CLANG_WARN_EMPTY_BODY = YES;
				CLANG_WARN_ENUM_CONVERSION = YES;
				CLANG_WARN_INT_CONVERSION = YES;
				CLANG_WARN_OBJC_ROOT_CLASS = YES_ERROR;
				CLANG_WARN__DUPLICATE_METHOD_MATCH = YES;
				"CODE_SIGN_IDENTITY[sdk=iphoneos*]" = "iPhone Developer";
				COPY_PHASE_STRIP = YES;
				ENABLE_NS_ASSERTIONS = NO;
				GCC_C_LANGUAGE_STANDARD = gnu99;
				GCC_WARN_64_TO_32_BIT_CONVERSION = YES;
				GCC_WARN_ABOUT_RETURN_TYPE = YES_ERROR;
				GCC_WARN_UNDECLARED_SELECTOR = YES;
				GCC_WARN_UNINITIALIZED_AUTOS = YES_AGGRESSIVE;
				GCC_WARN_UNUSED_FUNCTION = YES;
				GCC_WARN_UNUSED_VARIABLE = YES;
				IPHONEOS_DEPLOYMENT_TARGET = 7.1;
				SDKROOT = iphoneos;
				VALIDATE_PRODUCT = YES;
			};
			name = Release;
		};
		8029DD9B193597EA000997A9 /* Debug */ = {
			isa = XCBuildConfiguration;
			buildSettings = {
				ASSETCATALOG_COMPILER_APPICON_NAME = AppIcon;
				ASSETCATALOG_COMPILER_LAUNCHIMAGE_NAME = LaunchImage;
				CODE_SIGN_IDENTITY = "IPhone Developer";
				GCC_PRECOMPILE_PREFIX_HEADER = YES;
				GCC_PREFIX_HEADER = "POiNG/POiNG-Prefix.pch";
				INFOPLIST_FILE = "POiNG/POiNG-Info.plist";
				PRODUCT_NAME = "$(TARGET_NAME)";
				SDKROOT = iphoneos7.1;
				SPRITEKIT_TEXTURE_ATLAS_OUTPUT = YES;
				WRAPPER_EXTENSION = app;
			};
			name = Debug;
		};
		8029DD9C193597EA000997A9 /* Release */ = {
			isa = XCBuildConfiguration;
			buildSettings = {
				ASSETCATALOG_COMPILER_APPICON_NAME = AppIcon;
				ASSETCATALOG_COMPILER_LAUNCHIMAGE_NAME = LaunchImage;
				CODE_SIGN_IDENTITY = "IPhone Developer";
				GCC_PRECOMPILE_PREFIX_HEADER = YES;
				GCC_PREFIX_HEADER = "POiNG/POiNG-Prefix.pch";
				INFOPLIST_FILE = "POiNG/POiNG-Info.plist";
				PRODUCT_NAME = "$(TARGET_NAME)";
				SDKROOT = iphoneos7.1;
				SPRITEKIT_TEXTURE_ATLAS_OUTPUT = YES;
				WRAPPER_EXTENSION = app;
			};
			name = Release;
		};
		8029DD9E193597EA000997A9 /* Debug */ = {
			isa = XCBuildConfiguration;
			buildSettings = {
				BUNDLE_LOADER = "$(BUILT_PRODUCTS_DIR)/POiNG.app/POiNG";
				FRAMEWORK_SEARCH_PATHS = (
					"$(SDKROOT)/Developer/Library/Frameworks",
					"$(inherited)",
					"$(DEVELOPER_FRAMEWORKS_DIR)",
				);
				GCC_PRECOMPILE_PREFIX_HEADER = YES;
				GCC_PREFIX_HEADER = "POiNG/POiNG-Prefix.pch";
				GCC_PREPROCESSOR_DEFINITIONS = (
					"DEBUG=1",
					"$(inherited)",
				);
				INFOPLIST_FILE = "POiNGTests/POiNGTests-Info.plist";
				PRODUCT_NAME = "$(TARGET_NAME)";
				TEST_HOST = "$(BUNDLE_LOADER)";
				WRAPPER_EXTENSION = xctest;
			};
			name = Debug;
		};
		8029DD9F193597EA000997A9 /* Release */ = {
			isa = XCBuildConfiguration;
			buildSettings = {
				BUNDLE_LOADER = "$(BUILT_PRODUCTS_DIR)/POiNG.app/POiNG";
				FRAMEWORK_SEARCH_PATHS = (
					"$(SDKROOT)/Developer/Library/Frameworks",
					"$(inherited)",
					"$(DEVELOPER_FRAMEWORKS_DIR)",
				);
				GCC_PRECOMPILE_PREFIX_HEADER = YES;
				GCC_PREFIX_HEADER = "POiNG/POiNG-Prefix.pch";
				INFOPLIST_FILE = "POiNGTests/POiNGTests-Info.plist";
				PRODUCT_NAME = "$(TARGET_NAME)";
				TEST_HOST = "$(BUNDLE_LOADER)";
				WRAPPER_EXTENSION = xctest;
			};
			name = Release;
		};
/* End XCBuildConfiguration section */

/* Begin XCConfigurationList section */
		8029DD5C193597E9000997A9 /* Build configuration list for PBXProject "POiNG" */ = {
			isa = XCConfigurationList;
			buildConfigurations = (
				8029DD98193597EA000997A9 /* Debug */,
				8029DD99193597EA000997A9 /* Release */,
			);
			defaultConfigurationIsVisible = 0;
			defaultConfigurationName = Release;
		};
		8029DD9A193597EA000997A9 /* Build configuration list for PBXNativeTarget "POiNG" */ = {
			isa = XCConfigurationList;
			buildConfigurations = (
				8029DD9B193597EA000997A9 /* Debug */,
				8029DD9C193597EA000997A9 /* Release */,
			);
			defaultConfigurationIsVisible = 0;
			defaultConfigurationName = Release;
		};
		8029DD9D193597EA000997A9 /* Build configuration list for PBXNativeTarget "POiNGTests" */ = {
			isa = XCConfigurationList;
			buildConfigurations = (
				8029DD9E193597EA000997A9 /* Debug */,
				8029DD9F193597EA000997A9 /* Release */,
			);
			defaultConfigurationIsVisible = 0;
			defaultConfigurationName = Release;
		};
/* End XCConfigurationList section */
	};
	rootObject = 8029DD59193597E9000997A9 /* Project object */;
}
